#MicroXplorer Configuration settings - do not modify
ADC4.Channel-0\#ChannelRegularConversion=ADC_CHANNEL_4
ADC4.ClockPrescaler=ADC_CLOCK_ASYNC_DIV4
ADC4.IPParameters=Rank-0\#ChannelRegularConversion,Channel-0\#ChannelRegularConversion,SamplingTime-0\#ChannelRegularConversion,NbrOfConversionFlag,ClockPrescaler,Overrun,SamplingTimeCommon1,SamplingTimeCommon2,LowPowerAutonomousDPD,LowPowerAutoPowerOff,SelectedChannel
ADC4.LowPowerAutoPowerOff=DISABLE
ADC4.LowPowerAutonomousDPD=ADC_LP_AUTONOMOUS_DPD_DISABLE
ADC4.NbrOfConversionFlag=1
ADC4.Overrun=ADC_OVR_DATA_OVERWRITTEN
ADC4.Rank-0\#ChannelRegularConversion=1
ADC4.SamplingTime-0\#ChannelRegularConversion=ADC_SAMPLINGTIME_COMMON_1
ADC4.SamplingTimeCommon1=ADC_SAMPLETIME_79CYCLES_5
ADC4.SamplingTimeCommon2=ADC_SAMPLETIME_79CYCLES_5
ADC4.SelectedChannel=ADC_CHANNEL_1|ADC_CHANNEL_4|ADC_CHANNEL_6|ADC_CHANNEL_TEMPSENSOR|ADC_CHANNEL_VCORE
CAD.formats=[]
CAD.pinconfig=Project naming
CAD.provider=
CORTEX_M33_NS.userName=CORTEX_M33
File.Version=6
GPIO.groupedBy=Group By Peripherals
I2C3.I2C_Speed_Mode=I2C_Standard
I2C3.IPParameters=Timing,I2C_Speed_Mode
I2C3.Timing=0x00303D5B
IWDG.EWI=4000
IWDG.IPParameters=Prescaler,EWI
IWDG.Prescaler=IWDG_PRESCALER_4
KeepUserPlacement=false
LPTIM1.ClockPrescaler=LPTIM_PRESCALER_DIV2
LPTIM1.IPParameters=ClockPrescaler,Period
LPTIM1.Period=35426
LPTIM2.ClockPrescaler=LPTIM_PRESCALER_DIV2
LPTIM2.IPParameters=ClockPrescaler,Period
LPTIM2.Period=37081
MMTAppReg1.MEMORYMAP.AP=RW_priv_only
MMTAppReg1.MEMORYMAP.AppRegionName=RAM
MMTAppReg1.MEMORYMAP.ContextName=CortexM33
MMTAppReg1.MEMORYMAP.CoreName=ARM Cortex-M33
MMTAppReg1.MEMORYMAP.DefaultDataRegion=true
MMTAppReg1.MEMORYMAP.IPParameters=StartAddress,Size,CoreName,DefaultDataRegion,ContextName,Name,AP
MMTAppReg1.MEMORYMAP.Name=RAM
MMTAppReg1.MEMORYMAP.Size=131072
MMTAppReg1.MEMORYMAP.StartAddress=0x20000000
MMTAppReg2.MEMORYMAP.AP=RO_priv_only
MMTAppReg2.MEMORYMAP.AppRegionName=FLASH
MMTAppReg2.MEMORYMAP.Cacheability=WTRA
MMTAppReg2.MEMORYMAP.ContextName=CortexM33
MMTAppReg2.MEMORYMAP.CoreName=ARM Cortex-M33
MMTAppReg2.MEMORYMAP.DefaultCodeRegion=true
MMTAppReg2.MEMORYMAP.DefaultDataRegion=false
MMTAppReg2.MEMORYMAP.IPParameters=StartAddress,Size,CoreName,DefaultDataRegion,MemType,ContextName,Name,AP,Cacheability,DefaultCodeRegion
MMTAppReg2.MEMORYMAP.MemType=ROM
MMTAppReg2.MEMORYMAP.Name=FLASH
MMTAppReg2.MEMORYMAP.Size=1048576
MMTAppReg2.MEMORYMAP.StartAddress=0x08000000
MMTAppRegionsCount=2
MMTConfigApplied=false
Mcu.CPN=STM32WBA52CGU6
Mcu.ContextProject=TrustZoneDisabled
Mcu.Family=STM32WBA
Mcu.IP0=ADC4
Mcu.IP1=CORTEX_M33_NS
Mcu.IP10=RCC
Mcu.IP11=SPI1
Mcu.IP12=SPI3
Mcu.IP13=SYS
Mcu.IP14=TIM2
Mcu.IP15=USART1
Mcu.IP2=I2C3
Mcu.IP3=ICACHE
Mcu.IP4=IWDG
Mcu.IP5=LPTIM1
Mcu.IP6=LPTIM2
Mcu.IP7=MEMORYMAP
Mcu.IP8=NVIC
Mcu.IP9=PWR
Mcu.IPNb=16
Mcu.Name=STM32WBA52CGUx
Mcu.Package=UFQFPN48
Mcu.Pin0=PB12
Mcu.Pin1=PB11
Mcu.Pin10=PA0
Mcu.Pin11=PB9
Mcu.Pin12=PB8
Mcu.Pin13=PC15-OSC32_OUT
Mcu.Pin14=PC14-OSC32_IN
Mcu.Pin15=PC13
Mcu.Pin16=PB7
Mcu.Pin17=PB6
Mcu.Pin18=PB5
Mcu.Pin19=PB4 (NJTRST)
Mcu.Pin2=PA8
Mcu.Pin20=PB3 (JTDO/TRACESWO)
Mcu.Pin21=PA15 (JTDI)
Mcu.Pin22=PA14 (JTCK/SWCLK)
Mcu.Pin23=PA13 (JTMS/SWDIO)
Mcu.Pin24=PA12
Mcu.Pin25=PB2
Mcu.Pin26=PB1
Mcu.Pin27=PB0
Mcu.Pin28=PB15
Mcu.Pin29=OSC_OUT
Mcu.Pin3=PA7
Mcu.Pin30=OSC_IN
Mcu.Pin31=PA10
Mcu.Pin32=PA9
Mcu.Pin33=PB14
Mcu.Pin34=PB13
Mcu.Pin35=VP_ADC4_TempSens_Input
Mcu.Pin36=VP_ADC4_Vcore_Input
Mcu.Pin37=VP_CORTEX_M33_NS_VS_Hclk
Mcu.Pin38=VP_ICACHE_VS_ICACHE
Mcu.Pin39=VP_IWDG_VS_IWDG
Mcu.Pin4=PA6
Mcu.Pin40=VP_LPTIM1_VS_LPTIM_counterModeInternalClock
Mcu.Pin41=VP_LPTIM2_VS_LPTIM_counterModeInternalClock
Mcu.Pin42=VP_PWR_VS_SECSignals
Mcu.Pin43=VP_SYS_VS_Systick
Mcu.Pin44=VP_TIM2_VS_ClockSourceINT
Mcu.Pin45=VP_MEMORYMAP_VS_MEMORYMAP
Mcu.Pin46=VP_STMicroelectronics.X-CUBE-FREERTOS_VS_CMSISJjRTOS2_10.5.1_1.1.0
Mcu.Pin5=PA5
Mcu.Pin6=PA3
Mcu.Pin7=PB10
Mcu.Pin8=PA2
Mcu.Pin9=PA1
Mcu.PinsNb=47
Mcu.ThirdParty0=STMicroelectronics.X-CUBE-FREERTOS.1.1.0
Mcu.ThirdPartyNb=1
Mcu.UserConstants=
Mcu.UserName=STM32WBA52CGUx
MxCube.Version=6.11.0
MxDb.Version=DB.6.0.110
NVIC.ADC4_IRQn=true\:3\:0\:false\:false\:true\:true\:true\:true\:true
NVIC.BusFault_IRQn=true\:0\:0\:false\:false\:true\:false\:false\:false\:false
NVIC.DebugMonitor_IRQn=true\:0\:0\:false\:false\:true\:false\:false\:false\:false
NVIC.EXTI0_IRQn=true\:3\:0\:false\:false\:true\:true\:true\:true\:true
NVIC.EXTI11_IRQn=true\:3\:0\:false\:false\:true\:true\:true\:true\:true
NVIC.EXTI1_IRQn=true\:3\:0\:false\:false\:true\:true\:true\:true\:true
NVIC.EXTI2_IRQn=true\:3\:0\:false\:false\:true\:true\:true\:true\:true
NVIC.EXTI5_IRQn=true\:3\:0\:false\:false\:true\:true\:true\:true\:true
NVIC.EXTI7_IRQn=true\:3\:0\:false\:false\:true\:true\:true\:true\:true
NVIC.ForceEnableDMAVector=true
NVIC.HardFault_IRQn=true\:0\:0\:false\:false\:true\:false\:false\:false\:false
NVIC.IWDG_IRQn=true\:3\:0\:false\:false\:true\:true\:true\:true\:true
NVIC.LPTIM1_IRQn=true\:3\:0\:false\:false\:true\:true\:true\:true\:true
NVIC.LPTIM2_IRQn=true\:3\:0\:false\:false\:true\:true\:true\:true\:true
NVIC.MemoryManagement_IRQn=true\:0\:0\:false\:false\:true\:false\:false\:false\:false
NVIC.NonMaskableInt_IRQn=true\:0\:0\:false\:false\:true\:false\:false\:false\:false
NVIC.PendSV_IRQn=true\:15\:0\:false\:false\:false\:true\:false\:false\:false
NVIC.PriorityGroup=NVIC_PRIORITYGROUP_4
NVIC.RCC_IRQn=true\:5\:0\:true\:false\:true\:true\:true\:false\:true
NVIC.SVCall_IRQn=true\:0\:0\:false\:false\:false\:false\:false\:false\:false
NVIC.SavedPendsvIrqHandlerGenerated=true
NVIC.SavedSvcallIrqHandlerGenerated=true
NVIC.SavedSystickIrqHandlerGenerated=true
NVIC.SysTick_IRQn=true\:15\:0\:false\:false\:false\:true\:false\:true\:false
NVIC.UsageFault_IRQn=true\:0\:0\:false\:false\:true\:false\:false\:false\:false
NVIC.WKUP_IRQn=true\:3\:0\:false\:false\:true\:true\:true\:true\:true
OSC_IN.Locked=true
OSC_IN.Mode=HSE-External-Oscillator
OSC_IN.Signal=RCC_OSC_IN
OSC_OUT.Locked=true
OSC_OUT.Mode=HSE-External-Oscillator
OSC_OUT.Signal=RCC_OSC_OUT
PA0.Locked=true
PA0.Mode=Full_Duplex_Master
PA0.Signal=SPI3_SCK
PA1.GPIOParameters=GPIO_Label
PA1.GPIO_Label=CS_RTC
PA1.Locked=true
PA1.Signal=GPIO_Output
PA10.GPIOParameters=GPIO_Label
PA10.GPIO_Label=CS_SX1280
PA10.Locked=true
PA10.Signal=GPIO_Output
PA12.GPIOParameters=GPIO_Label
PA12.GPIO_Label=RESET_SX1280
PA12.Locked=true
PA12.Signal=GPIO_Output
PA13\ (JTMS/SWDIO).Locked=true
PA13\ (JTMS/SWDIO).Signal=DEBUG_JTMS-SWDIO
PA14\ (JTCK/SWCLK).Locked=true
PA14\ (JTCK/SWCLK).Signal=DEBUG_JTCK-SWCLK
PA15\ (JTDI).GPIOParameters=GPIO_FM15,GPIO_Speed
PA15\ (JTDI).GPIO_FM15=SYSCFG_FASTMODEPLUS_PA15
PA15\ (JTDI).GPIO_Speed=GPIO_SPEED_FREQ_HIGH
PA15\ (JTDI).Locked=true
PA15\ (JTDI).Mode=Full_Duplex_Master
PA15\ (JTDI).Signal=SPI1_MOSI
PA2.GPIOParameters=GPIO_Label
PA2.GPIO_Label=CS_ICM20948
PA2.Locked=true
PA2.Signal=GPIO_Output
PA3.GPIOParameters=GPIO_Label
PA3.GPIO_Label=BATT_LEVEL
PA3.Locked=true
PA3.Mode=IN6
PA3.Signal=ADC4_IN6
PA5.GPIOParameters=GPIO_Label
PA5.GPIO_Label=BATTIN_LEVEL
PA5.Locked=true
PA5.Mode=IN4
PA5.Signal=ADC4_IN4
PA6.GPIOParameters=GPIO_FM6,GPIO_Speed
PA6.GPIO_FM6=SYSCFG_FASTMODEPLUS_PA6
PA6.GPIO_Speed=GPIO_SPEED_FREQ_MEDIUM
PA6.Locked=true
PA6.Mode=I2C
PA6.Signal=I2C3_SCL
PA7.GPIOParameters=GPIO_Speed,GPIO_FM7
PA7.GPIO_FM7=SYSCFG_FASTMODEPLUS_PA7
PA7.GPIO_Speed=GPIO_SPEED_FREQ_MEDIUM
PA7.Locked=true
PA7.Mode=I2C
PA7.Signal=I2C3_SDA
PA8.GPIOParameters=GPIO_Label
PA8.GPIO_Label=SCAP_LEVEL
PA8.Locked=true
PA8.Mode=IN1
PA8.Signal=ADC4_IN1
PA9.GPIOParameters=GPIO_Speed,PinState,GPIO_PuPd,GPIO_Label,GPIO_ModeDefaultOutputPP
PA9.GPIO_Label=SCAP_ON
PA9.GPIO_ModeDefaultOutputPP=GPIO_MODE_OUTPUT_OD
PA9.GPIO_PuPd=GPIO_NOPULL
PA9.GPIO_Speed=GPIO_SPEED_FREQ_MEDIUM
PA9.Locked=true
PA9.PinState=GPIO_PIN_RESET
PA9.Signal=GPIO_Output
PB0.GPIOParameters=GPIO_Label
PB0.GPIO_Label=BUSY_SX1280
PB0.Locked=true
PB0.Signal=GPXTI0
PB1.GPIOParameters=GPIO_Label
PB1.GPIO_Label=DIO1_SX1280
PB1.Locked=true
PB1.Signal=GPXTI1
PB10.GPIOParameters=GPIO_Label
PB10.GPIO_Label=GNSS_Reset
PB10.Locked=true
PB10.Signal=GPIO_Output
PB11.GPIOParameters=GPIO_Label
PB11.GPIO_Label=GNSS_PPS
PB11.Locked=true
PB11.Signal=GPXTI11
PB12.Locked=true
PB12.Mode=Half_duplex(single_wire_mode)
PB12.Signal=USART1_TX
PB13.GPIOParameters=GPIO_Label
PB13.GPIO_Label=USER_LED
PB13.Locked=true
PB13.Signal=GPIO_Output
PB14.GPIOParameters=GPIO_Label
PB14.GPIO_Label=VSW1V8_On
PB14.Locked=true
PB14.Signal=GPIO_Output
PB15.GPIOParameters=PinState,GPIO_Label,GPIO_ModeDefaultOutputPP
PB15.GPIO_Label=ANT_SELECT
PB15.GPIO_ModeDefaultOutputPP=GPIO_MODE_OUTPUT_PP
PB15.Locked=true
PB15.PinState=GPIO_PIN_RESET
PB15.Signal=GPIO_Output
PB2.GPIOParameters=GPIO_Label,GPIO_ModeDefaultEXTI
PB2.GPIO_Label=DIO2_SX1280
PB2.GPIO_ModeDefaultEXTI=GPIO_MODE_IT_FALLING
PB2.Locked=true
PB2.Signal=GPXTI2
PB3\ (JTDO/TRACESWO).GPIOParameters=GPIO_FM3,GPIO_Speed
PB3\ (JTDO/TRACESWO).GPIO_FM3=SYSCFG_FASTMODEPLUS_PB3
PB3\ (JTDO/TRACESWO).GPIO_Speed=GPIO_SPEED_FREQ_HIGH
PB3\ (JTDO/TRACESWO).Locked=true
PB3\ (JTDO/TRACESWO).Mode=Full_Duplex_Master
PB3\ (JTDO/TRACESWO).Signal=SPI1_MISO
PB4\ (NJTRST).GPIOParameters=GPIO_Speed
PB4\ (NJTRST).GPIO_Speed=GPIO_SPEED_FREQ_HIGH
PB4\ (NJTRST).Locked=true
PB4\ (NJTRST).Mode=Full_Duplex_Master
PB4\ (NJTRST).Signal=SPI1_SCK
PB5.GPIOParameters=GPIO_Label,GPIO_ModeDefaultEXTI
PB5.GPIO_Label=INT1_ICM20948
PB5.GPIO_ModeDefaultEXTI=GPIO_MODE_IT_RISING
PB5.Locked=true
PB5.Signal=GPXTI5
PB6.GPIOParameters=GPIO_Label
PB6.GPIO_Label=RTC_NINTB
PB6.Locked=true
PB6.Mode=WakeUp3
PB6.Signal=PWR_WKUP3
PB7.GPIOParameters=GPIO_PuPd,GPIO_Label,GPIO_ModeDefaultEXTI
PB7.GPIO_Label=RTC_PPS
PB7.GPIO_ModeDefaultEXTI=GPIO_MODE_IT_FALLING
PB7.GPIO_PuPd=GPIO_PULLUP
PB7.Locked=true
PB7.Signal=GPXTI7
PB8.Locked=true
PB8.Mode=Full_Duplex_Master
PB8.Signal=SPI3_MOSI
PB9.Locked=true
PB9.Mode=Full_Duplex_Master
PB9.Signal=SPI3_MISO
PC13.GPIOParameters=GPIO_Label
PC13.GPIO_Label=CS_BME280
PC13.Locked=true
PC13.Signal=GPIO_Output
PC14-OSC32_IN.Locked=true
PC14-OSC32_IN.Signal=RCC_OSC32_IN
PC15-OSC32_OUT.Locked=true
PC15-OSC32_OUT.Signal=RCC_OSC32_OUT
PWR.IPParameters=pwrPrivilege
PWR.pwrPrivilege=PWR_PRIVILEGE_NO
PinOutPanel.RotationAngle=0
ProjectManager.AskForMigrate=true
ProjectManager.BackupPrevious=false
ProjectManager.CompilerOptimize=6
ProjectManager.ComputerToolchain=false
ProjectManager.CoupleFile=true
ProjectManager.CustomerFirmwarePackage=
ProjectManager.DefaultFWLocation=true
ProjectManager.DeletePrevious=true
ProjectManager.DeviceId=STM32WBA52CGUx
ProjectManager.FirmwarePackage=STM32Cube FW_WBA V1.3.1
ProjectManager.FreePins=true
ProjectManager.HalAssertFull=false
ProjectManager.HeapSize=0x200
ProjectManager.KeepUserCode=true
ProjectManager.LastFirmware=true
ProjectManager.LibraryCopy=1
ProjectManager.MainLocation=Core/Src
ProjectManager.NoMain=false
ProjectManager.PreviousToolchain=
ProjectManager.ProjectBuild=false
ProjectManager.ProjectFileName=Plant_movement_sensor.ioc
ProjectManager.ProjectName=Plant_movement_sensor
ProjectManager.ProjectStructure=
ProjectManager.RegisterCallBack=
ProjectManager.StackSize=0x400
ProjectManager.TargetToolchain=STM32CubeIDE
ProjectManager.ToolChainLocation=
ProjectManager.UAScriptAfterPath=
ProjectManager.UAScriptBeforePath=
ProjectManager.UnderRoot=true
ProjectManager.functionlistsort=1-SystemClock_Config-RCC-false-HAL-false,2-MX_GPIO_Init-GPIO-false-HAL-true,3-SystemPower_Config-PWR-false-HAL-true,4-MX_I2C3_Init-I2C3-false-HAL-true,5-MX_SPI1_Init-SPI1-false-HAL-true,6-MX_SPI3_Init-SPI3-false-HAL-true,7-MX_USART1_UART_Init-USART1-false-HAL-true,8-MX_ICACHE_Init-ICACHE-false-HAL-true,9-MX_LPTIM1_Init-LPTIM1-false-HAL-true,10-MX_LPTIM2_Init-LPTIM2-false-HAL-true,11-MX_ADC4_Init-ADC4-false-HAL-true,12-MX_TIM2_Init-TIM2-false-HAL-true,13-MX_IWDG_Init-IWDG-false-HAL-true,0-MX_CORTEX_M33_NS_Init-CORTEX_M33_NS-false-HAL-true
RCC.ADCFreq_Value=16000000
RCC.AHB4Freq_Value=16000000
RCC.AHB5CLKDivider=DIV2
RCC.AHB5Freq_Value=8000000
RCC.AHBFreq_Value=16000000
RCC.APB1Freq_Value=16000000
RCC.APB1TimFreq_Value=16000000
RCC.APB2Freq_Value=16000000
RCC.APB2TimFreq_Value=16000000
RCC.APB7Freq_Value=16000000
RCC.ASFreq_Value=64000000
RCC.CortexFreq_Value=2000000
RCC.FCLKCortexFreq_Value=16000000
RCC.FamilyName=M
RCC.HCLKFreq_Value=16000000
RCC.HSESYSFreq_VALUE=16000000
RCC.HSE_VALUE=32000000
RCC.HSI_VALUE=16000000
RCC.HseDiv=RCC_HSE_DIV2
RCC.I2C1Freq_Value=16000000
RCC.I2C3Freq_Value=16000000
RCC.IPParameters=ADCFreq_Value,AHB4Freq_Value,AHB5CLKDivider,AHB5Freq_Value,AHBFreq_Value,APB1Freq_Value,APB1TimFreq_Value,APB2Freq_Value,APB2TimFreq_Value,APB7Freq_Value,ASFreq_Value,CortexFreq_Value,FCLKCortexFreq_Value,FamilyName,HCLKFreq_Value,HSESYSFreq_VALUE,HSE_VALUE,HSI_VALUE,HseDiv,I2C1Freq_Value,I2C3Freq_Value,LPTIM1CLockSelectionVirtual,LPTIM1Freq_Value,LPTIM2CLockSelectionVirtual,LPTIM2Freq_Value,LPUART1Freq_Value,LSCOPinFreq_Value,LSE_VALUE,LSIDIV,LSI_VALUE,MCO1PinFreq_Value,PLL1R,PLLM,PLLN,PLLPoutputFreq_Value,PLLQoutputFreq_Value,PLLRCLKFreq_Value,PLLSourceVirtual,RNGFreq_Value,RSTFreq_Value,RSTRFFreq_Value,RTCClockSelection,RTCFreq_Value,SAESFreq_Value,SPI1Freq_Value,SPI3Freq_Value,SYSCLKFreq_VALUE,SYSCLKSourceVirtual,USART1CLockSelectionVirtual,USART1Freq_Value,USART2Freq_Value,VCOInputFreq_Value,VCOOutputFreq_Value,VDD_VALUE,WatchDogFreq_Value
RCC.LPTIM1CLockSelectionVirtual=RCC_LPTIM1CLKSOURCE_LSI
RCC.LPTIM1Freq_Value=250
RCC.LPTIM2CLockSelectionVirtual=RCC_LPTIM2CLKSOURCE_LSI
RCC.LPTIM2Freq_Value=250
RCC.LPUART1Freq_Value=16000000
RCC.LSCOPinFreq_Value=250
RCC.LSE_VALUE=32768
RCC.LSIDIV=RCC_LSI_DIV128
RCC.LSI_VALUE=32000
RCC.MCO1PinFreq_Value=16000000
RCC.PLL1R=8
RCC.PLLM=2
RCC.PLLN=8
RCC.PLLPoutputFreq_Value=64000000
RCC.PLLQoutputFreq_Value=64000000
RCC.PLLRCLKFreq_Value=16000000
RCC.PLLSourceVirtual=RCC_PLLSOURCE_HSE
RCC.RNGFreq_Value=16000000
RCC.RSTFreq_Value=32000
RCC.RSTRFFreq_Value=32000000
RCC.RTCClockSelection=RCC_RTCCLKSOURCE_LSE
RCC.RTCFreq_Value=32768
RCC.SAESFreq_Value=16000000
RCC.SPI1Freq_Value=16000000
RCC.SPI3Freq_Value=16000000
RCC.SYSCLKFreq_VALUE=16000000
RCC.SYSCLKSourceVirtual=RCC_SYSCLKSOURCE_HSE
RCC.USART1CLockSelectionVirtual=RCC_USART1CLKSOURCE_SYSCLK
RCC.USART1Freq_Value=16000000
RCC.USART2Freq_Value=16000000
RCC.VCOInputFreq_Value=16000000
RCC.VCOOutputFreq_Value=128000000
RCC.VDD_VALUE=1.8
RCC.WatchDogFreq_Value=250
SH.GPXTI0.0=GPIO_EXTI0
SH.GPXTI0.ConfNb=1
SH.GPXTI1.0=GPIO_EXTI1
SH.GPXTI1.ConfNb=1
SH.GPXTI11.0=GPIO_EXTI11
SH.GPXTI11.ConfNb=1
SH.GPXTI2.0=GPIO_EXTI2
SH.GPXTI2.ConfNb=1
SH.GPXTI5.0=GPIO_EXTI5
SH.GPXTI5.ConfNb=1
SH.GPXTI7.0=GPIO_EXTI7
SH.GPXTI7.ConfNb=1
SPI1.BaudRatePrescaler=SPI_BAUDRATEPRESCALER_8
SPI1.CalculateBaudRate=2.0 MBits/s
SPI1.DataSize=SPI_DATASIZE_8BIT
SPI1.Direction=SPI_DIRECTION_2LINES
SPI1.IPParameters=VirtualType,Mode,Direction,CalculateBaudRate,DataSize,BaudRatePrescaler,NSSPMode
SPI1.Mode=SPI_MODE_MASTER
SPI1.NSSPMode=SPI_NSS_PULSE_ENABLE
SPI1.VirtualType=VM_MASTER
SPI3.BaudRatePrescaler=SPI_BAUDRATEPRESCALER_4
SPI3.CLKPhase=SPI_PHASE_1EDGE
SPI3.CLKPolarity=SPI_POLARITY_LOW
SPI3.CalculateBaudRate=4.0 MBits/s
SPI3.Direction=SPI_DIRECTION_2LINES
SPI3.IPParameters=VirtualType,Mode,Direction,CalculateBaudRate,BaudRatePrescaler,CLKPolarity,CLKPhase
SPI3.Mode=SPI_MODE_MASTER
SPI3.VirtualType=VM_MASTER
STMicroelectronics.X-CUBE-FREERTOS.1.1.0.CMSISJjRTOS2_Checked=true
STMicroelectronics.X-CUBE-FREERTOS.1.1.0.IPParameters=configMAX_TASK_NAME_LEN,configTOTAL_HEAP_SIZE,configLIBRARY_MAX_SYSCALL_INTERRUPT_PRIORITY,configUSE_TICKLESS_IDLE,configUSE_SB_COMPLETED_CALLBACK,configMINIMAL_STACK_SIZE,configMAX_CO_ROUTINE_PRIORITIES,configUSE_OS2_THREAD_SUSPEND_RESUME,configUSE_OS2_THREAD_ENUMERATE,configUSE_OS2_EVENTFLAGS_FROM_ISR,configUSE_OS2_THREAD_FLAGS,configUSE_OS2_TIMER,configUSE_OS2_MUTEX,configENABLE_FPU,RTOS2CcCMSISJjRTOS2JjCore,RTOS2CcCMSISJjRTOS2JjHeap
STMicroelectronics.X-CUBE-FREERTOS.1.1.0.RTOS2CcCMSISJjRTOS2JjCore=TZIiNonIiSupported
STMicroelectronics.X-CUBE-FREERTOS.1.1.0.RTOS2CcCMSISJjRTOS2JjHeap=HeapIi1
STMicroelectronics.X-CUBE-FREERTOS.1.1.0.configENABLE_FPU=1
STMicroelectronics.X-CUBE-FREERTOS.1.1.0.configLIBRARY_MAX_SYSCALL_INTERRUPT_PRIORITY=3
STMicroelectronics.X-CUBE-FREERTOS.1.1.0.configMAX_CO_ROUTINE_PRIORITIES=10
STMicroelectronics.X-CUBE-FREERTOS.1.1.0.configMAX_TASK_NAME_LEN=20
STMicroelectronics.X-CUBE-FREERTOS.1.1.0.configMINIMAL_STACK_SIZE=256
STMicroelectronics.X-CUBE-FREERTOS.1.1.0.configTOTAL_HEAP_SIZE=65536
STMicroelectronics.X-CUBE-FREERTOS.1.1.0.configUSE_OS2_EVENTFLAGS_FROM_ISR=Disabled
STMicroelectronics.X-CUBE-FREERTOS.1.1.0.configUSE_OS2_MUTEX=0
STMicroelectronics.X-CUBE-FREERTOS.1.1.0.configUSE_OS2_THREAD_ENUMERATE=Disabled
STMicroelectronics.X-CUBE-FREERTOS.1.1.0.configUSE_OS2_THREAD_FLAGS=Disabled
STMicroelectronics.X-CUBE-FREERTOS.1.1.0.configUSE_OS2_THREAD_SUSPEND_RESUME=Disabled
STMicroelectronics.X-CUBE-FREERTOS.1.1.0.configUSE_OS2_TIMER=0
STMicroelectronics.X-CUBE-FREERTOS.1.1.0.configUSE_SB_COMPLETED_CALLBACK=1
STMicroelectronics.X-CUBE-FREERTOS.1.1.0.configUSE_TICKLESS_IDLE=1
STMicroelectronics.X-CUBE-FREERTOS.1.1.0_SwParameter=RTOS2CcCMSISJjRTOS2JjHeap\:HeapIi1;RTOS2CcCMSISJjRTOS2JjCore\:TZIiNonIiSupported;
TIM2.IPParameters=TIM_MasterOutputTrigger
TIM2.TIM_MasterOutputTrigger=TIM_TRGO_ENABLE
USART1.BaudRate=250000
USART1.IPParameters=BaudRate,Mode,VirtualMode-Half_duplex(single_wire_mode),OverSampling
USART1.Mode=MODE_TX
USART1.OverSampling=UART_OVERSAMPLING_16
USART1.VirtualMode-Half_duplex(single_wire_mode)=VM_ASYNC
VP_ADC4_TempSens_Input.Mode=IN-TempSens
VP_ADC4_TempSens_Input.Signal=ADC4_TempSens_Input
VP_ADC4_Vcore_Input.Mode=IN-Vcore
VP_ADC4_Vcore_Input.Signal=ADC4_Vcore_Input
VP_CORTEX_M33_NS_VS_Hclk.Mode=Hclk_Mode
VP_CORTEX_M33_NS_VS_Hclk.Signal=CORTEX_M33_NS_VS_Hclk
VP_ICACHE_VS_ICACHE.Mode=DirectMappedCache
VP_ICACHE_VS_ICACHE.Signal=ICACHE_VS_ICACHE
VP_IWDG_VS_IWDG.Mode=IWDG_Activate
VP_IWDG_VS_IWDG.Signal=IWDG_VS_IWDG
VP_LPTIM1_VS_LPTIM_counterModeInternalClock.Mode=Counts__internal_clock_event_00
VP_LPTIM1_VS_LPTIM_counterModeInternalClock.Signal=LPTIM1_VS_LPTIM_counterModeInternalClock
VP_LPTIM2_VS_LPTIM_counterModeInternalClock.Mode=Counts__internal_clock_event_00
VP_LPTIM2_VS_LPTIM_counterModeInternalClock.Signal=LPTIM2_VS_LPTIM_counterModeInternalClock
VP_MEMORYMAP_VS_MEMORYMAP.Mode=CurAppReg
VP_MEMORYMAP_VS_MEMORYMAP.Signal=MEMORYMAP_VS_MEMORYMAP
VP_PWR_VS_SECSignals.Mode=Security/Privilege
VP_PWR_VS_SECSignals.Signal=PWR_VS_SECSignals
VP_STMicroelectronics.X-CUBE-FREERTOS_VS_CMSISJjRTOS2_10.5.1_1.1.0.Mode=CMSISJjRTOS2
VP_STMicroelectronics.X-CUBE-FREERTOS_VS_CMSISJjRTOS2_10.5.1_1.1.0.Signal=STMicroelectronics.X-CUBE-FREERTOS_VS_CMSISJjRTOS2_10.5.1_1.1.0
VP_SYS_VS_Systick.Mode=SysTick
VP_SYS_VS_Systick.Signal=SYS_VS_Systick
VP_TIM2_VS_ClockSourceINT.Mode=Internal
VP_TIM2_VS_ClockSourceINT.Signal=TIM2_VS_ClockSourceINT
board=custom
rtos.0.ip=STMicroelectronics.X-CUBE-FREERTOS.1.1.0
rtos.0.tasks.0=allocationType,Dynamic;bufferName,NULL;codeGen,Default;controlBlockName,NULL;entry,StartDefaultTask;name,defaultTask;parameter,NULL;priority,osPriorityNormal;stackSize,128
isbadioc=false
